
Microsoft Visual Studio Solution File, Format Version 12.00
# Visual Studio Version 17
VisualStudioVersion = 17.12.35707.178
MinimumVisualStudioVersion = 10.0.40219.1
Project("{FAE04EC0-301F-11D3-BF4B-00C04F79EFBC}") = "SkOllama", "SkOllama\SkOllama.csproj", "{54874272-9803-4E1F-B3C3-CD7D9EC6BA49}"
EndProject
Project("{FAE04EC0-301F-11D3-BF4B-00C04F79EFBC}") = "SkEmbeddings", "SkEmbeddings\SkEmbeddings.csproj", "{D9A3DB4F-DDC5-44BB-B183-B00A695811A6}"
EndProject
Project("{FAE04EC0-301F-11D3-BF4B-00C04F79EFBC}") = "SkInference", "SkInference\SkInference.csproj", "{D4AEA2C6-000C-440B-9FBD-4FF35CC06774}"
EndProject
Project("{FAE04EC0-301F-11D3-BF4B-00C04F79EFBC}") = "EfCoreMultiColumnVector", "EfCoreMultiColumnVector\EfCoreMultiColumnVector.csproj", "{C3DF4372-783F-4F62-B24E-D352C707FB2F}"
EndProject
Global
	GlobalSection(SolutionConfigurationPlatforms) = preSolution
		Debug|Any CPU = Debug|Any CPU
		Release|Any CPU = Release|Any CPU
	EndGlobalSection
	GlobalSection(ProjectConfigurationPlatforms) = postSolution
		{54874272-9803-4E1F-B3C3-CD7D9EC6BA49}.Debug|Any CPU.ActiveCfg = Debug|Any CPU
		{54874272-9803-4E1F-B3C3-CD7D9EC6BA49}.Debug|Any CPU.Build.0 = Debug|Any CPU
		{54874272-9803-4E1F-B3C3-CD7D9EC6BA49}.Release|Any CPU.ActiveCfg = Release|Any CPU
		{54874272-9803-4E1F-B3C3-CD7D9EC6BA49}.Release|Any CPU.Build.0 = Release|Any CPU
		{D9A3DB4F-DDC5-44BB-B183-B00A695811A6}.Debug|Any CPU.ActiveCfg = Debug|Any CPU
		{D9A3DB4F-DDC5-44BB-B183-B00A695811A6}.Debug|Any CPU.Build.0 = Debug|Any CPU
		{D9A3DB4F-DDC5-44BB-B183-B00A695811A6}.Release|Any CPU.ActiveCfg = Release|Any CPU
		{D9A3DB4F-DDC5-44BB-B183-B00A695811A6}.Release|Any CPU.Build.0 = Release|Any CPU
		{D4AEA2C6-000C-440B-9FBD-4FF35CC06774}.Debug|Any CPU.ActiveCfg = Debug|Any CPU
		{D4AEA2C6-000C-440B-9FBD-4FF35CC06774}.Debug|Any CPU.Build.0 = Debug|Any CPU
		{D4AEA2C6-000C-440B-9FBD-4FF35CC06774}.Release|Any CPU.ActiveCfg = Release|Any CPU
		{D4AEA2C6-000C-440B-9FBD-4FF35CC06774}.Release|Any CPU.Build.0 = Release|Any CPU
		{C3DF4372-783F-4F62-B24E-D352C707FB2F}.Debug|Any CPU.ActiveCfg = Debug|Any CPU
		{C3DF4372-783F-4F62-B24E-D352C707FB2F}.Debug|Any CPU.Build.0 = Debug|Any CPU
		{C3DF4372-783F-4F62-B24E-D352C707FB2F}.Release|Any CPU.ActiveCfg = Release|Any CPU
		{C3DF4372-783F-4F62-B24E-D352C707FB2F}.Release|Any CPU.Build.0 = Release|Any CPU
	EndGlobalSection
	GlobalSection(SolutionProperties) = preSolution
		HideSolutionNode = FALSE
	EndGlobalSection
	GlobalSection(ExtensibilityGlobals) = postSolution
		SolutionGuid = {E1E17A66-4FFB-41F2-B093-EA652032E247}
	EndGlobalSection
EndGlobal
